// !$*UTF8*$!
{
	archiveVersion = 1;
	classes = {
	};
	objectVersion = 46;
	objects = {

/* Begin PBXAggregateTarget section */
		99D393C118BE0F6A006BB4DD /* Mogenerator */ = {
			isa = PBXAggregateTarget;
			buildConfigurationList = 99D393C218BE0F6A006BB4DD /* Build configuration list for PBXAggregateTarget "Mogenerator" */;
			buildPhases = (
				99D393C518BE0FE5006BB4DD /* ShellScript */,
			);
			dependencies = (
			);
			name = Mogenerator;
			productName = Mogenerator;
		};
/* End PBXAggregateTarget section */

/* Begin PBXBuildFile section */
		3DDE64E49D0D44D8830FEE87 /* libPods.a in Frameworks */ = {isa = PBXBuildFile; fileRef = EBA1027F85DC481EB84FA423 /* libPods.a */; };
		76C24CC5CC7B40D99802A280 /* libPods.a in Frameworks */ = {isa = PBXBuildFile; fileRef = EBA1027F85DC481EB84FA423 /* libPods.a */; };
		99D3938218BE0A81006BB4DD /* Foundation.framework in Frameworks */ = {isa = PBXBuildFile; fileRef = 99D3938118BE0A81006BB4DD /* Foundation.framework */; };
		99D3938418BE0A81006BB4DD /* CoreGraphics.framework in Frameworks */ = {isa = PBXBuildFile; fileRef = 99D3938318BE0A81006BB4DD /* CoreGraphics.framework */; };
		99D3938618BE0A81006BB4DD /* UIKit.framework in Frameworks */ = {isa = PBXBuildFile; fileRef = 99D3938518BE0A81006BB4DD /* UIKit.framework */; };
		99D3938818BE0A81006BB4DD /* CoreData.framework in Frameworks */ = {isa = PBXBuildFile; fileRef = 99D3938718BE0A81006BB4DD /* CoreData.framework */; };
		99D3938E18BE0A81006BB4DD /* InfoPlist.strings in Resources */ = {isa = PBXBuildFile; fileRef = 99D3938C18BE0A81006BB4DD /* InfoPlist.strings */; };
		99D3939018BE0A81006BB4DD /* main.m in Sources */ = {isa = PBXBuildFile; fileRef = 99D3938F18BE0A81006BB4DD /* main.m */; };
		99D3939418BE0A81006BB4DD /* WRAppDelegate.m in Sources */ = {isa = PBXBuildFile; fileRef = 99D3939318BE0A81006BB4DD /* WRAppDelegate.m */; };
		99D3939718BE0A81006BB4DD /* Main.storyboard in Resources */ = {isa = PBXBuildFile; fileRef = 99D3939518BE0A81006BB4DD /* Main.storyboard */; };
		99D3939A18BE0A81006BB4DD /* WipReminders.xcdatamodeld in Sources */ = {isa = PBXBuildFile; fileRef = 99D3939818BE0A81006BB4DD /* WipReminders.xcdatamodeld */; };
		99D393A218BE0A81006BB4DD /* Images.xcassets in Resources */ = {isa = PBXBuildFile; fileRef = 99D393A118BE0A81006BB4DD /* Images.xcassets */; };
		99D393A918BE0A81006BB4DD /* XCTest.framework in Frameworks */ = {isa = PBXBuildFile; fileRef = 99D393A818BE0A81006BB4DD /* XCTest.framework */; };
		99D393AA18BE0A81006BB4DD /* Foundation.framework in Frameworks */ = {isa = PBXBuildFile; fileRef = 99D3938118BE0A81006BB4DD /* Foundation.framework */; };
		99D393AB18BE0A81006BB4DD /* UIKit.framework in Frameworks */ = {isa = PBXBuildFile; fileRef = 99D3938518BE0A81006BB4DD /* UIKit.framework */; };
		99D393AC18BE0A81006BB4DD /* CoreData.framework in Frameworks */ = {isa = PBXBuildFile; fileRef = 99D3938718BE0A81006BB4DD /* CoreData.framework */; };
		99D393B418BE0A81006BB4DD /* InfoPlist.strings in Resources */ = {isa = PBXBuildFile; fileRef = 99D393B218BE0A81006BB4DD /* InfoPlist.strings */; };
		99D393B618BE0A81006BB4DD /* WipRemindersTests.m in Sources */ = {isa = PBXBuildFile; fileRef = 99D393B518BE0A81006BB4DD /* WipRemindersTests.m */; };
		99D393CA18BE12F6006BB4DD /* _Task.m in Sources */ = {isa = PBXBuildFile; fileRef = 99D393C718BE12F6006BB4DD /* _Task.m */; };
		99D393CB18BE12F6006BB4DD /* Task.m in Sources */ = {isa = PBXBuildFile; fileRef = 99D393C918BE12F6006BB4DD /* Task.m */; };
		99D393D018BE4AC7006BB4DD /* WRDetailViewController.m in Sources */ = {isa = PBXBuildFile; fileRef = 99D393CD18BE4AC7006BB4DD /* WRDetailViewController.m */; };
		99D393D118BE4AC7006BB4DD /* WRMasterViewController.m in Sources */ = {isa = PBXBuildFile; fileRef = 99D393CF18BE4AC7006BB4DD /* WRMasterViewController.m */; };
		99D393D418BE60FE006BB4DD /* WRTaskCell.m in Sources */ = {isa = PBXBuildFile; fileRef = 99D393D318BE60FE006BB4DD /* WRTaskCell.m */; };
		99D393D618BE615A006BB4DD /* WRPersonTests.m in Sources */ = {isa = PBXBuildFile; fileRef = 99D393D518BE615A006BB4DD /* WRPersonTests.m */; };
/* End PBXBuildFile section */

/* Begin PBXContainerItemProxy section */
		99D393AD18BE0A81006BB4DD /* PBXContainerItemProxy */ = {
			isa = PBXContainerItemProxy;
			containerPortal = 99D3937618BE0A81006BB4DD /* Project object */;
			proxyType = 1;
			remoteGlobalIDString = 99D3937D18BE0A81006BB4DD;
			remoteInfo = WipReminders;
		};
/* End PBXContainerItemProxy section */

/* Begin PBXFileReference section */
		00D4EF24F08B49CF921DB0A4 /* Pods.xcconfig */ = {isa = PBXFileReference; includeInIndex = 1; lastKnownFileType = text.xcconfig; name = Pods.xcconfig; path = Pods/Pods.xcconfig; sourceTree = "<group>"; };
		99D3937E18BE0A81006BB4DD /* WipReminders.app */ = {isa = PBXFileReference; explicitFileType = wrapper.application; includeInIndex = 0; path = WipReminders.app; sourceTree = BUILT_PRODUCTS_DIR; };
		99D3938118BE0A81006BB4DD /* Foundation.framework */ = {isa = PBXFileReference; lastKnownFileType = wrapper.framework; name = Foundation.framework; path = System/Library/Frameworks/Foundation.framework; sourceTree = SDKROOT; };
		99D3938318BE0A81006BB4DD /* CoreGraphics.framework */ = {isa = PBXFileReference; lastKnownFileType = wrapper.framework; name = CoreGraphics.framework; path = System/Library/Frameworks/CoreGraphics.framework; sourceTree = SDKROOT; };
		99D3938518BE0A81006BB4DD /* UIKit.framework */ = {isa = PBXFileReference; lastKnownFileType = wrapper.framework; name = UIKit.framework; path = System/Library/Frameworks/UIKit.framework; sourceTree = SDKROOT; };
		99D3938718BE0A81006BB4DD /* CoreData.framework */ = {isa = PBXFileReference; lastKnownFileType = wrapper.framework; name = CoreData.framework; path = System/Library/Frameworks/CoreData.framework; sourceTree = SDKROOT; };
		99D3938B18BE0A81006BB4DD /* WipReminders-Info.plist */ = {isa = PBXFileReference; lastKnownFileType = text.plist.xml; path = "WipReminders-Info.plist"; sourceTree = "<group>"; };
		99D3938D18BE0A81006BB4DD /* en */ = {isa = PBXFileReference; lastKnownFileType = text.plist.strings; name = en; path = en.lproj/InfoPlist.strings; sourceTree = "<group>"; };
		99D3938F18BE0A81006BB4DD /* main.m */ = {isa = PBXFileReference; lastKnownFileType = sourcecode.c.objc; path = main.m; sourceTree = "<group>"; };
		99D3939118BE0A81006BB4DD /* WipReminders-Prefix.pch */ = {isa = PBXFileReference; lastKnownFileType = sourcecode.c.h; path = "WipReminders-Prefix.pch"; sourceTree = "<group>"; };
		99D3939218BE0A81006BB4DD /* WRAppDelegate.h */ = {isa = PBXFileReference; lastKnownFileType = sourcecode.c.h; path = WRAppDelegate.h; sourceTree = "<group>"; };
		99D3939318BE0A81006BB4DD /* WRAppDelegate.m */ = {isa = PBXFileReference; lastKnownFileType = sourcecode.c.objc; path = WRAppDelegate.m; sourceTree = "<group>"; };
		99D3939618BE0A81006BB4DD /* Base */ = {isa = PBXFileReference; lastKnownFileType = file.storyboard; name = Base; path = Base.lproj/Main.storyboard; sourceTree = "<group>"; };
		99D3939918BE0A81006BB4DD /* WipReminders.xcdatamodel */ = {isa = PBXFileReference; lastKnownFileType = wrapper.xcdatamodel; path = WipReminders.xcdatamodel; sourceTree = "<group>"; };
		99D3939B18BE0A81006BB4DD /* WRDetailViewController.h */ = {isa = PBXFileReference; lastKnownFileType = sourcecode.c.h; name = WRDetailViewController.h; path = Controller/WRDetailViewController.h; sourceTree = "<group>"; };
		99D393A118BE0A81006BB4DD /* Images.xcassets */ = {isa = PBXFileReference; lastKnownFileType = folder.assetcatalog; path = Images.xcassets; sourceTree = "<group>"; };
		99D393A718BE0A81006BB4DD /* WipRemindersTests.xctest */ = {isa = PBXFileReference; explicitFileType = wrapper.cfbundle; includeInIndex = 0; path = WipRemindersTests.xctest; sourceTree = BUILT_PRODUCTS_DIR; };
		99D393A818BE0A81006BB4DD /* XCTest.framework */ = {isa = PBXFileReference; lastKnownFileType = wrapper.framework; name = XCTest.framework; path = Library/Frameworks/XCTest.framework; sourceTree = DEVELOPER_DIR; };
		99D393B118BE0A81006BB4DD /* WipRemindersTests-Info.plist */ = {isa = PBXFileReference; lastKnownFileType = text.plist.xml; path = "WipRemindersTests-Info.plist"; sourceTree = "<group>"; };
		99D393B318BE0A81006BB4DD /* en */ = {isa = PBXFileReference; lastKnownFileType = text.plist.strings; name = en; path = en.lproj/InfoPlist.strings; sourceTree = "<group>"; };
		99D393B518BE0A81006BB4DD /* WipRemindersTests.m */ = {isa = PBXFileReference; lastKnownFileType = sourcecode.c.objc; path = WipRemindersTests.m; sourceTree = "<group>"; };
		99D393C618BE12F6006BB4DD /* _Task.h */ = {isa = PBXFileReference; fileEncoding = 4; lastKnownFileType = sourcecode.c.h; name = _Task.h; path = Model/_Task.h; sourceTree = "<group>"; };
		99D393C718BE12F6006BB4DD /* _Task.m */ = {isa = PBXFileReference; fileEncoding = 4; lastKnownFileType = sourcecode.c.objc; name = _Task.m; path = Model/_Task.m; sourceTree = "<group>"; };
		99D393C818BE12F6006BB4DD /* Task.h */ = {isa = PBXFileReference; fileEncoding = 4; lastKnownFileType = sourcecode.c.h; name = Task.h; path = Model/Task.h; sourceTree = "<group>"; };
		99D393C918BE12F6006BB4DD /* Task.m */ = {isa = PBXFileReference; fileEncoding = 4; lastKnownFileType = sourcecode.c.objc; name = Task.m; path = Model/Task.m; sourceTree = "<group>"; };
		99D393CD18BE4AC7006BB4DD /* WRDetailViewController.m */ = {isa = PBXFileReference; fileEncoding = 4; lastKnownFileType = sourcecode.c.objc; name = WRDetailViewController.m; path = Controller/WRDetailViewController.m; sourceTree = "<group>"; };
		99D393CE18BE4AC7006BB4DD /* WRMasterViewController.h */ = {isa = PBXFileReference; fileEncoding = 4; lastKnownFileType = sourcecode.c.h; name = WRMasterViewController.h; path = Controller/WRMasterViewController.h; sourceTree = "<group>"; };
		99D393CF18BE4AC7006BB4DD /* WRMasterViewController.m */ = {isa = PBXFileReference; fileEncoding = 4; lastKnownFileType = sourcecode.c.objc; name = WRMasterViewController.m; path = Controller/WRMasterViewController.m; sourceTree = "<group>"; };
		99D393D218BE60FE006BB4DD /* WRTaskCell.h */ = {isa = PBXFileReference; fileEncoding = 4; lastKnownFileType = sourcecode.c.h; name = WRTaskCell.h; path = View/WRTaskCell.h; sourceTree = "<group>"; };
		99D393D318BE60FE006BB4DD /* WRTaskCell.m */ = {isa = PBXFileReference; fileEncoding = 4; lastKnownFileType = sourcecode.c.objc; name = WRTaskCell.m; path = View/WRTaskCell.m; sourceTree = "<group>"; };
		99D393D518BE615A006BB4DD /* WRPersonTests.m */ = {isa = PBXFileReference; fileEncoding = 4; lastKnownFileType = sourcecode.c.objc; path = WRPersonTests.m; sourceTree = "<group>"; };
		EBA1027F85DC481EB84FA423 /* libPods.a */ = {isa = PBXFileReference; explicitFileType = archive.ar; includeInIndex = 0; path = libPods.a; sourceTree = BUILT_PRODUCTS_DIR; };
/* End PBXFileReference section */

/* Begin PBXFrameworksBuildPhase section */
		99D3937B18BE0A81006BB4DD /* Frameworks */ = {
			isa = PBXFrameworksBuildPhase;
			buildActionMask = 2147483647;
			files = (
				99D3938418BE0A81006BB4DD /* CoreGraphics.framework in Frameworks */,
				99D3938818BE0A81006BB4DD /* CoreData.framework in Frameworks */,
				99D3938618BE0A81006BB4DD /* UIKit.framework in Frameworks */,
				99D3938218BE0A81006BB4DD /* Foundation.framework in Frameworks */,
				3DDE64E49D0D44D8830FEE87 /* libPods.a in Frameworks */,
			);
			runOnlyForDeploymentPostprocessing = 0;
		};
		99D393A418BE0A81006BB4DD /* Frameworks */ = {
			isa = PBXFrameworksBuildPhase;
			buildActionMask = 2147483647;
			files = (
				99D393A918BE0A81006BB4DD /* XCTest.framework in Frameworks */,
				99D393AC18BE0A81006BB4DD /* CoreData.framework in Frameworks */,
				99D393AB18BE0A81006BB4DD /* UIKit.framework in Frameworks */,
				99D393AA18BE0A81006BB4DD /* Foundation.framework in Frameworks */,
				76C24CC5CC7B40D99802A280 /* libPods.a in Frameworks */,
			);
			runOnlyForDeploymentPostprocessing = 0;
		};
/* End PBXFrameworksBuildPhase section */

/* Begin PBXGroup section */
		99D3937518BE0A81006BB4DD = {
			isa = PBXGroup;
			children = (
				99D3938918BE0A81006BB4DD /* WipReminders */,
				99D393AF18BE0A81006BB4DD /* WipRemindersTests */,
				99D3938018BE0A81006BB4DD /* Frameworks */,
				99D3937F18BE0A81006BB4DD /* Products */,
				00D4EF24F08B49CF921DB0A4 /* Pods.xcconfig */,
			);
			sourceTree = "<group>";
		};
		99D3937F18BE0A81006BB4DD /* Products */ = {
			isa = PBXGroup;
			children = (
				99D3937E18BE0A81006BB4DD /* WipReminders.app */,
				99D393A718BE0A81006BB4DD /* WipRemindersTests.xctest */,
			);
			name = Products;
			sourceTree = "<group>";
		};
		99D3938018BE0A81006BB4DD /* Frameworks */ = {
			isa = PBXGroup;
			children = (
				99D3938118BE0A81006BB4DD /* Foundation.framework */,
				99D3938318BE0A81006BB4DD /* CoreGraphics.framework */,
				99D3938518BE0A81006BB4DD /* UIKit.framework */,
				99D3938718BE0A81006BB4DD /* CoreData.framework */,
				99D393A818BE0A81006BB4DD /* XCTest.framework */,
				EBA1027F85DC481EB84FA423 /* libPods.a */,
			);
			name = Frameworks;
			sourceTree = "<group>";
		};
		99D3938918BE0A81006BB4DD /* WipReminders */ = {
			isa = PBXGroup;
			children = (
				99D3939218BE0A81006BB4DD /* WRAppDelegate.h */,
				99D3939318BE0A81006BB4DD /* WRAppDelegate.m */,
				99D393CC18BE4A58006BB4DD /* Model */,
				99D393BF18BE0AC9006BB4DD /* View */,
				99D393C018BE0AD5006BB4DD /* Controller */,
				99D393A118BE0A81006BB4DD /* Images.xcassets */,
				99D3939818BE0A81006BB4DD /* WipReminders.xcdatamodeld */,
				99D3938A18BE0A81006BB4DD /* Supporting Files */,
			);
			path = WipReminders;
			sourceTree = "<group>";
		};
		99D3938A18BE0A81006BB4DD /* Supporting Files */ = {
			isa = PBXGroup;
			children = (
				99D3938B18BE0A81006BB4DD /* WipReminders-Info.plist */,
				99D3938C18BE0A81006BB4DD /* InfoPlist.strings */,
				99D3938F18BE0A81006BB4DD /* main.m */,
				99D3939118BE0A81006BB4DD /* WipReminders-Prefix.pch */,
			);
			name = "Supporting Files";
			sourceTree = "<group>";
		};
		99D393AF18BE0A81006BB4DD /* WipRemindersTests */ = {
			isa = PBXGroup;
			children = (
				99D393B518BE0A81006BB4DD /* WipRemindersTests.m */,
				99D393D518BE615A006BB4DD /* WRPersonTests.m */,
				99D393B018BE0A81006BB4DD /* Supporting Files */,
			);
			path = WipRemindersTests;
			sourceTree = "<group>";
		};
		99D393B018BE0A81006BB4DD /* Supporting Files */ = {
			isa = PBXGroup;
			children = (
				99D393B118BE0A81006BB4DD /* WipRemindersTests-Info.plist */,
				99D393B218BE0A81006BB4DD /* InfoPlist.strings */,
			);
			name = "Supporting Files";
			sourceTree = "<group>";
		};
		99D393BF18BE0AC9006BB4DD /* View */ = {
			isa = PBXGroup;
			children = (
				99D3939518BE0A81006BB4DD /* Main.storyboard */,
				99D393D218BE60FE006BB4DD /* WRTaskCell.h */,
				99D393D318BE60FE006BB4DD /* WRTaskCell.m */,
			);
			name = View;
			sourceTree = "<group>";
		};
		99D393C018BE0AD5006BB4DD /* Controller */ = {
			isa = PBXGroup;
			children = (
				99D3939B18BE0A81006BB4DD /* WRDetailViewController.h */,
				99D393CD18BE4AC7006BB4DD /* WRDetailViewController.m */,
				99D393CE18BE4AC7006BB4DD /* WRMasterViewController.h */,
				99D393CF18BE4AC7006BB4DD /* WRMasterViewController.m */,
			);
			name = Controller;
			sourceTree = "<group>";
		};
		99D393CC18BE4A58006BB4DD /* Model */ = {
			isa = PBXGroup;
			children = (
				99D393C618BE12F6006BB4DD /* _Task.h */,
				99D393C718BE12F6006BB4DD /* _Task.m */,
				99D393C818BE12F6006BB4DD /* Task.h */,
				99D393C918BE12F6006BB4DD /* Task.m */,
			);
			name = Model;
			sourceTree = "<group>";
		};
/* End PBXGroup section */

/* Begin PBXNativeTarget section */
		99D3937D18BE0A81006BB4DD /* WipReminders */ = {
			isa = PBXNativeTarget;
			buildConfigurationList = 99D393B918BE0A81006BB4DD /* Build configuration list for PBXNativeTarget "WipReminders" */;
			buildPhases = (
				2A6D517DCC9D4143A1855090 /* Check Pods Manifest.lock */,
				99D3937A18BE0A81006BB4DD /* Sources */,
				99D3937B18BE0A81006BB4DD /* Frameworks */,
				99D3937C18BE0A81006BB4DD /* Resources */,
				73A7B3C4E36A4D748FDE1E20 /* Copy Pods Resources */,
			);
			buildRules = (
			);
			dependencies = (
			);
			name = WipReminders;
			productName = WipReminders;
			productReference = 99D3937E18BE0A81006BB4DD /* WipReminders.app */;
			productType = "com.apple.product-type.application";
		};
		99D393A618BE0A81006BB4DD /* WipRemindersTests */ = {
			isa = PBXNativeTarget;
			buildConfigurationList = 99D393BC18BE0A81006BB4DD /* Build configuration list for PBXNativeTarget "WipRemindersTests" */;
			buildPhases = (
				9318A78529A7453C8C17A734 /* Check Pods Manifest.lock */,
				99D393A318BE0A81006BB4DD /* Sources */,
				99D393A418BE0A81006BB4DD /* Frameworks */,
				99D393A518BE0A81006BB4DD /* Resources */,
				0DC57C50304B4CBC9F3DFB38 /* Copy Pods Resources */,
			);
			buildRules = (
			);
			dependencies = (
				99D393AE18BE0A81006BB4DD /* PBXTargetDependency */,
			);
			name = WipRemindersTests;
			productName = WipRemindersTests;
			productReference = 99D393A718BE0A81006BB4DD /* WipRemindersTests.xctest */;
			productType = "com.apple.product-type.bundle.unit-test";
		};
/* End PBXNativeTarget section */

/* Begin PBXProject section */
		99D3937618BE0A81006BB4DD /* Project object */ = {
			isa = PBXProject;
			attributes = {
				CLASSPREFIX = WR;
				LastUpgradeCheck = 0500;
				ORGANIZATIONNAME = freniche;
				TargetAttributes = {
					99D393A618BE0A81006BB4DD = {
						TestTargetID = 99D3937D18BE0A81006BB4DD;
					};
				};
			};
			buildConfigurationList = 99D3937918BE0A81006BB4DD /* Build configuration list for PBXProject "WipReminders" */;
			compatibilityVersion = "Xcode 3.2";
			developmentRegion = English;
			hasScannedForEncodings = 0;
			knownRegions = (
				en,
				Base,
			);
			mainGroup = 99D3937518BE0A81006BB4DD;
			productRefGroup = 99D3937F18BE0A81006BB4DD /* Products */;
			projectDirPath = "";
			projectRoot = "";
			targets = (
				99D3937D18BE0A81006BB4DD /* WipReminders */,
				99D393A618BE0A81006BB4DD /* WipRemindersTests */,
				99D393C118BE0F6A006BB4DD /* Mogenerator */,
			);
		};
/* End PBXProject section */

/* Begin PBXResourcesBuildPhase section */
		99D3937C18BE0A81006BB4DD /* Resources */ = {
			isa = PBXResourcesBuildPhase;
			buildActionMask = 2147483647;
			files = (
				99D393A218BE0A81006BB4DD /* Images.xcassets in Resources */,
				99D3938E18BE0A81006BB4DD /* InfoPlist.strings in Resources */,
				99D3939718BE0A81006BB4DD /* Main.storyboard in Resources */,
			);
			runOnlyForDeploymentPostprocessing = 0;
		};
		99D393A518BE0A81006BB4DD /* Resources */ = {
			isa = PBXResourcesBuildPhase;
			buildActionMask = 2147483647;
			files = (
				99D393B418BE0A81006BB4DD /* InfoPlist.strings in Resources */,
			);
			runOnlyForDeploymentPostprocessing = 0;
		};
/* End PBXResourcesBuildPhase section */

/* Begin PBXShellScriptBuildPhase section */
		0DC57C50304B4CBC9F3DFB38 /* Copy Pods Resources */ = {
			isa = PBXShellScriptBuildPhase;
			buildActionMask = 2147483647;
			files = (
			);
			inputPaths = (
			);
			name = "Copy Pods Resources";
			outputPaths = (
			);
			runOnlyForDeploymentPostprocessing = 0;
			shellPath = /bin/sh;
			shellScript = "\"${SRCROOT}/Pods/Pods-resources.sh\"\n";
			showEnvVarsInLog = 0;
		};
		2A6D517DCC9D4143A1855090 /* Check Pods Manifest.lock */ = {
			isa = PBXShellScriptBuildPhase;
			buildActionMask = 2147483647;
			files = (
			);
			inputPaths = (
			);
			name = "Check Pods Manifest.lock";
			outputPaths = (
			);
			runOnlyForDeploymentPostprocessing = 0;
			shellPath = /bin/sh;
			shellScript = "diff \"${PODS_ROOT}/../Podfile.lock\" \"${PODS_ROOT}/Manifest.lock\" > /dev/null\nif [[ $? != 0 ]] ; then\n    cat << EOM\nerror: The sandbox is not in sync with the Podfile.lock. Run 'pod install' or update your CocoaPods installation.\nEOM\n    exit 1\nfi\n";
			showEnvVarsInLog = 0;
		};
		73A7B3C4E36A4D748FDE1E20 /* Copy Pods Resources */ = {
			isa = PBXShellScriptBuildPhase;
			buildActionMask = 2147483647;
			files = (
			);
			inputPaths = (
			);
			name = "Copy Pods Resources";
			outputPaths = (
			);
			runOnlyForDeploymentPostprocessing = 0;
			shellPath = /bin/sh;
			shellScript = "\"${SRCROOT}/Pods/Pods-resources.sh\"\n";
			showEnvVarsInLog = 0;
		};
		9318A78529A7453C8C17A734 /* Check Pods Manifest.lock */ = {
			isa = PBXShellScriptBuildPhase;
			buildActionMask = 2147483647;
			files = (
			);
			inputPaths = (
			);
			name = "Check Pods Manifest.lock";
			outputPaths = (
			);
			runOnlyForDeploymentPostprocessing = 0;
			shellPath = /bin/sh;
			shellScript = "diff \"${PODS_ROOT}/../Podfile.lock\" \"${PODS_ROOT}/Manifest.lock\" > /dev/null\nif [[ $? != 0 ]] ; then\n    cat << EOM\nerror: The sandbox is not in sync with the Podfile.lock. Run 'pod install' or update your CocoaPods installation.\nEOM\n    exit 1\nfi\n";
			showEnvVarsInLog = 0;
		};
		99D393C518BE0FE5006BB4DD /* ShellScript */ = {
			isa = PBXShellScriptBuildPhase;
			buildActionMask = 2147483647;
			files = (
			);
			inputPaths = (
			);
			outputPaths = (
			);
			runOnlyForDeploymentPostprocessing = 0;
			shellPath = /bin/sh;
			shellScript = "mogenerator --template-var arc=true -O WipReminders/Model -m WipReminders/WipReminders.xcdatamodeld/WipReminders.xcdatamodel/";
		};
/* End PBXShellScriptBuildPhase section */

/* Begin PBXSourcesBuildPhase section */
		99D3937A18BE0A81006BB4DD /* Sources */ = {
			isa = PBXSourcesBuildPhase;
			buildActionMask = 2147483647;
			files = (
				99D393CB18BE12F6006BB4DD /* Task.m in Sources */,
				99D393CA18BE12F6006BB4DD /* _Task.m in Sources */,
				99D3939018BE0A81006BB4DD /* main.m in Sources */,
				99D393D418BE60FE006BB4DD /* WRTaskCell.m in Sources */,
				99D393D118BE4AC7006BB4DD /* WRMasterViewController.m in Sources */,
				99D3939A18BE0A81006BB4DD /* WipReminders.xcdatamodeld in Sources */,
				99D393D018BE4AC7006BB4DD /* WRDetailViewController.m in Sources */,
				99D3939418BE0A81006BB4DD /* WRAppDelegate.m in Sources */,
			);
			runOnlyForDeploymentPostprocessing = 0;
		};
		99D393A318BE0A81006BB4DD /* Sources */ = {
			isa = PBXSourcesBuildPhase;
			buildActionMask = 2147483647;
			files = (
				99D393B618BE0A81006BB4DD /* WipRemindersTests.m in Sources */,
				99D393D618BE615A006BB4DD /* WRPersonTests.m in Sources */,
			);
			runOnlyForDeploymentPostprocessing = 0;
		};
/* End PBXSourcesBuildPhase section */

/* Begin PBXTargetDependency section */
		99D393AE18BE0A81006BB4DD /* PBXTargetDependency */ = {
			isa = PBXTargetDependency;
			target = 99D3937D18BE0A81006BB4DD /* WipReminders */;
			targetProxy = 99D393AD18BE0A81006BB4DD /* PBXContainerItemProxy */;
		};
/* End PBXTargetDependency section */

/* Begin PBXVariantGroup section */
		99D3938C18BE0A81006BB4DD /* InfoPlist.strings */ = {
			isa = PBXVariantGroup;
			children = (
				99D3938D18BE0A81006BB4DD /* en */,
			);
			name = InfoPlist.strings;
			sourceTree = "<group>";
		};
		99D3939518BE0A81006BB4DD /* Main.storyboard */ = {
			isa = PBXVariantGroup;
			children = (
				99D3939618BE0A81006BB4DD /* Base */,
			);
			name = Main.storyboard;
			sourceTree = "<group>";
		};
		99D393B218BE0A81006BB4DD /* InfoPlist.strings */ = {
			isa = PBXVariantGroup;
			children = (
				99D393B318BE0A81006BB4DD /* en */,
			);
			name = InfoPlist.strings;
			sourceTree = "<group>";
		};
/* End PBXVariantGroup section */

/* Begin XCBuildConfiguration section */
		99D393B718BE0A81006BB4DD /* Debug */ = {
			isa = XCBuildConfiguration;
			buildSettings = {
				ALWAYS_SEARCH_USER_PATHS = NO;
				ARCHS = "$(ARCHS_STANDARD_INCLUDING_64_BIT)";
				CLANG_CXX_LANGUAGE_STANDARD = "gnu++0x";
				CLANG_CXX_LIBRARY = "libc++";
				CLANG_ENABLE_MODULES = YES;
				CLANG_ENABLE_OBJC_ARC = YES;
				CLANG_WARN_BOOL_CONVERSION = YES;
				CLANG_WARN_CONSTANT_CONVERSION = YES;
				CLANG_WARN_DIRECT_OBJC_ISA_USAGE = YES_ERROR;
				CLANG_WARN_EMPTY_BODY = YES;
				CLANG_WARN_ENUM_CONVERSION = YES;
				CLANG_WARN_INT_CONVERSION = YES;
				CLANG_WARN_OBJC_ROOT_CLASS = YES_ERROR;
				CLANG_WARN__DUPLICATE_METHOD_MATCH = YES;
				"CODE_SIGN_IDENTITY[sdk=iphoneos*]" = "iPhone Developer";
				COPY_PHASE_STRIP = NO;
				GCC_C_LANGUAGE_STANDARD = gnu99;
				GCC_DYNAMIC_NO_PIC = NO;
				GCC_OPTIMIZATION_LEVEL = 0;
				GCC_PREPROCESSOR_DEFINITIONS = (
					"DEBUG=1",
					"$(inherited)",
				);
				GCC_SYMBOLS_PRIVATE_EXTERN = NO;
				GCC_WARN_64_TO_32_BIT_CONVERSION = YES;
				GCC_WARN_ABOUT_RETURN_TYPE = YES_ERROR;
				GCC_WARN_UNDECLARED_SELECTOR = YES;
				GCC_WARN_UNINITIALIZED_AUTOS = YES;
				GCC_WARN_UNUSED_FUNCTION = YES;
				GCC_WARN_UNUSED_VARIABLE = YES;
				IPHONEOS_DEPLOYMENT_TARGET = 7.0;
				ONLY_ACTIVE_ARCH = YES;
				SDKROOT = iphoneos;
			};
			name = Debug;
		};
		99D393B818BE0A81006BB4DD /* Release */ = {
			isa = XCBuildConfiguration;
			buildSettings = {
				ALWAYS_SEARCH_USER_PATHS = NO;
				ARCHS = "$(ARCHS_STANDARD_INCLUDING_64_BIT)";
				CLANG_CXX_LANGUAGE_STANDARD = "gnu++0x";
				CLANG_CXX_LIBRARY = "libc++";
				CLANG_ENABLE_MODULES = YES;
				CLANG_ENABLE_OBJC_ARC = YES;
				CLANG_WARN_BOOL_CONVERSION = YES;
				CLANG_WARN_CONSTANT_CONVERSION = YES;
				CLANG_WARN_DIRECT_OBJC_ISA_USAGE = YES_ERROR;
				CLANG_WARN_EMPTY_BODY = YES;
				CLANG_WARN_ENUM_CONVERSION = YES;
				CLANG_WARN_INT_CONVERSION = YES;
				CLANG_WARN_OBJC_ROOT_CLASS = YES_ERROR;
				CLANG_WARN__DUPLICATE_METHOD_MATCH = YES;
				"CODE_SIGN_IDENTITY[sdk=iphoneos*]" = "iPhone Developer";
				COPY_PHASE_STRIP = YES;
				ENABLE_NS_ASSERTIONS = NO;
				GCC_C_LANGUAGE_STANDARD = gnu99;
				GCC_WARN_64_TO_32_BIT_CONVERSION = YES;
				GCC_WARN_ABOUT_RETURN_TYPE = YES_ERROR;
				GCC_WARN_UNDECLARED_SELECTOR = YES;
				GCC_WARN_UNINITIALIZED_AUTOS = YES;
				GCC_WARN_UNUSED_FUNCTION = YES;
				GCC_WARN_UNUSED_VARIABLE = YES;
				IPHONEOS_DEPLOYMENT_TARGET = 7.0;
				SDKROOT = iphoneos;
				VALIDATE_PRODUCT = YES;
			};
			name = Release;
		};
		99D393BA18BE0A81006BB4DD /* Debug */ = {
			isa = XCBuildConfiguration;
			baseConfigurationReference = 00D4EF24F08B49CF921DB0A4 /* Pods.xcconfig */;
			buildSettings = {
				ASSETCATALOG_COMPILER_APPICON_NAME = AppIcon;
				ASSETCATALOG_COMPILER_LAUNCHIMAGE_NAME = LaunchImage;
				GCC_PRECOMPILE_PREFIX_HEADER = YES;
				GCC_PREFIX_HEADER = "WipReminders/WipReminders-Prefix.pch";
				INFOPLIST_FILE = "WipReminders/WipReminders-Info.plist";
				PRODUCT_NAME = "$(TARGET_NAME)";
				WRAPPER_EXTENSION = app;
			};
			name = Debug;
		};
		99D393BB18BE0A81006BB4DD /* Release */ = {
			isa = XCBuildConfiguration;
			baseConfigurationReference = 00D4EF24F08B49CF921DB0A4 /* Pods.xcconfig */;
			buildSettings = {
				ASSETCATALOG_COMPILER_APPICON_NAME = AppIcon;
				ASSETCATALOG_COMPILER_LAUNCHIMAGE_NAME = LaunchImage;
				GCC_PRECOMPILE_PREFIX_HEADER = YES;
				GCC_PREFIX_HEADER = "WipReminders/WipReminders-Prefix.pch";
				INFOPLIST_FILE = "WipReminders/WipReminders-Info.plist";
				PRODUCT_NAME = "$(TARGET_NAME)";
				WRAPPER_EXTENSION = app;
			};
			name = Release;
		};
		99D393BD18BE0A81006BB4DD /* Debug */ = {
			isa = XCBuildConfiguration;
			baseConfigurationReference = 00D4EF24F08B49CF921DB0A4 /* Pods.xcconfig */;
			buildSettings = {
				ARCHS = "$(ARCHS_STANDARD_INCLUDING_64_BIT)";
				BUNDLE_LOADER = "$(BUILT_PRODUCTS_DIR)/WipReminders.app/WipReminders";
				FRAMEWORK_SEARCH_PATHS = (
					"$(SDKROOT)/Developer/Library/Frameworks",
					"$(inherited)",
					"$(DEVELOPER_FRAMEWORKS_DIR)",
				);
				GCC_PRECOMPILE_PREFIX_HEADER = YES;
				GCC_PREFIX_HEADER = "WipReminders/WipReminders-Prefix.pch";
				GCC_PREPROCESSOR_DEFINITIONS = (
					"DEBUG=1",
					"$(inherited)",
				);
				INFOPLIST_FILE = "WipRemindersTests/WipRemindersTests-Info.plist";
				PRODUCT_NAME = "$(TARGET_NAME)";
				TEST_HOST = "$(BUNDLE_LOADER)";
				WRAPPER_EXTENSION = xctest;
			};
			name = Debug;
		};
		99D393BE18BE0A81006BB4DD /* Release */ = {
			isa = XCBuildConfiguration;
			baseConfigurationReference = 00D4EF24F08B49CF921DB0A4 /* Pods.xcconfig */;
			buildSettings = {
				ARCHS = "$(ARCHS_STANDARD_INCLUDING_64_BIT)";
				BUNDLE_LOADER = "$(BUILT_PRODUCTS_DIR)/WipReminders.app/WipReminders";
				FRAMEWORK_SEARCH_PATHS = (
					"$(SDKROOT)/Developer/Library/Frameworks",
					"$(inherited)",
					"$(DEVELOPER_FRAMEWORKS_DIR)",
				);
				GCC_PRECOMPILE_PREFIX_HEADER = YES;
				GCC_PREFIX_HEADER = "WipReminders/WipReminders-Prefix.pch";
				INFOPLIST_FILE = "WipRemindersTests/WipRemindersTests-Info.plist";
				PRODUCT_NAME = "$(TARGET_NAME)";
				TEST_HOST = "$(BUNDLE_LOADER)";
				WRAPPER_EXTENSION = xctest;
			};
			name = Release;
		};
		99D393C318BE0F6A006BB4DD /* Debug */ = {
			isa = XCBuildConfiguration;
			buildSettings = {
				PRODUCT_NAME = "$(TARGET_NAME)";
			};
			name = Debug;
		};
		99D393C418BE0F6A006BB4DD /* Release */ = {
			isa = XCBuildConfiguration;
			buildSettings = {
				PRODUCT_NAME = "$(TARGET_NAME)";
			};
			name = Release;
		};
/* End XCBuildConfiguration section */

/* Begin XCConfigurationList section */
		99D3937918BE0A81006BB4DD /* Build configuration list for PBXProject "WipReminders" */ = {
			isa = XCConfigurationList;
			buildConfigurations = (
				99D393B718BE0A81006BB4DD /* Debug */,
				99D393B818BE0A81006BB4DD /* Release */,
			);
			defaultConfigurationIsVisible = 0;
			defaultConfigurationName = Release;
		};
		99D393B918BE0A81006BB4DD /* Build configuration list for PBXNativeTarget "WipReminders" */ = {
			isa = XCConfigurationList;
			buildConfigurations = (
				99D393BA18BE0A81006BB4DD /* Debug */,
				99D393BB18BE0A81006BB4DD /* Release */,
			);
			defaultConfigurationIsVisible = 0;
			defaultConfigurationName = Release;
		};
		99D393BC18BE0A81006BB4DD /* Build configuration list for PBXNativeTarget "WipRemindersTests" */ = {
			isa = XCConfigurationList;
			buildConfigurations = (
				99D393BD18BE0A81006BB4DD /* Debug */,
				99D393BE18BE0A81006BB4DD /* Release */,
			);
			defaultConfigurationIsVisible = 0;
			defaultConfigurationName = Release;
		};
		99D393C218BE0F6A006BB4DD /* Build configuration list for PBXAggregateTarget "Mogenerator" */ = {
			isa = XCConfigurationList;
			buildConfigurations = (
				99D393C318BE0F6A006BB4DD /* Debug */,
				99D393C418BE0F6A006BB4DD /* Release */,
			);
			defaultConfigurationIsVisible = 0;
			defaultConfigurationName = Release;
		};
/* End XCConfigurationList section */

/* Begin XCVersionGroup section */
		99D3939818BE0A81006BB4DD /* WipReminders.xcdatamodeld */ = {
			isa = XCVersionGroup;
			children = (
				99D3939918BE0A81006BB4DD /* WipReminders.xcdatamodel */,
			);
			currentVersion = 99D3939918BE0A81006BB4DD /* WipReminders.xcdatamodel */;
			path = WipReminders.xcdatamodeld;
			sourceTree = "<group>";
			versionGroupType = wrapper.xcdatamodel;
		};
/* End XCVersionGroup section */
	};
	rootObject = 99D3937618BE0A81006BB4DD /* Project object */;
}
